
Microsoft Visual Studio Solution File, Format Version 12.00
# Visual Studio Version 16
VisualStudioVersion = 16.0.30128.74
MinimumVisualStudioVersion = 10.0.40219.1
Project("{FAE04EC0-301F-11D3-BF4B-00C04F79EFBC}") = "wsei-wdp-library-manager", "wsei-wdp-library-manager\wsei-wdp-library-manager.csproj", "{12F2AF5B-53DA-4519-8C36-B469979239D1}"
EndProject
Global
	GlobalSection(SolutionConfigurationPlatforms) = preSolution
		Debug|Any CPU = Debug|Any CPU
		Release|Any CPU = Release|Any CPU
	EndGlobalSection
	GlobalSection(ProjectConfigurationPlatforms) = postSolution
		{12F2AF5B-53DA-4519-8C36-B469979239D1}.Debug|Any CPU.ActiveCfg = Debug|Any CPU
		{12F2AF5B-53DA-4519-8C36-B469979239D1}.Debug|Any CPU.Build.0 = Debug|Any CPU
		{12F2AF5B-53DA-4519-8C36-B469979239D1}.Release|Any CPU.ActiveCfg = Release|Any CPU
		{12F2AF5B-53DA-4519-8C36-B469979239D1}.Release|Any CPU.Build.0 = Release|Any CPU
	EndGlobalSection
	GlobalSection(SolutionProperties) = preSolution
		HideSolutionNode = FALSE
	EndGlobalSection
	GlobalSection(ExtensibilityGlobals) = postSolution
		SolutionGuid = {8391ADD2-9323-4CA2-862D-0B64E16E956A}
	EndGlobalSection
EndGlobal
